// !$*UTF8*$!
{
	archiveVersion = 1;
	classes = {
	};
	objectVersion = 46;
	objects = {

/* Begin PBXBuildFile section */
		4F260A641E305C23004D60F5 /* main.m in Sources */ = {isa = PBXBuildFile; fileRef = 4F260A631E305C23004D60F5 /* main.m */; };
		4F260A671E305C23004D60F5 /* AppDelegate.m in Sources */ = {isa = PBXBuildFile; fileRef = 4F260A661E305C23004D60F5 /* AppDelegate.m */; };
		4F260A6A1E305C24004D60F5 /* ViewController.m in Sources */ = {isa = PBXBuildFile; fileRef = 4F260A691E305C23004D60F5 /* ViewController.m */; };
		4F260A6D1E305C24004D60F5 /* Main.storyboard in Resources */ = {isa = PBXBuildFile; fileRef = 4F260A6B1E305C24004D60F5 /* Main.storyboard */; };
		4F260A6F1E305C24004D60F5 /* Assets.xcassets in Resources */ = {isa = PBXBuildFile; fileRef = 4F260A6E1E305C24004D60F5 /* Assets.xcassets */; };
		4F260A721E305C24004D60F5 /* LaunchScreen.storyboard in Resources */ = {isa = PBXBuildFile; fileRef = 4F260A701E305C24004D60F5 /* LaunchScreen.storyboard */; };
		4F260A7D1E305C24004D60F5 /* ________Tests.m in Sources */ = {isa = PBXBuildFile; fileRef = 4F260A7C1E305C24004D60F5 /* ________Tests.m */; };
		4F260A881E305C24004D60F5 /* ________UITests.m in Sources */ = {isa = PBXBuildFile; fileRef = 4F260A871E305C24004D60F5 /* ________UITests.m */; };
		4F260A971E308114004D60F5 /* SuccessView.m in Sources */ = {isa = PBXBuildFile; fileRef = 4F260A961E308114004D60F5 /* SuccessView.m */; };
/* End PBXBuildFile section */

/* Begin PBXContainerItemProxy section */
		4F260A791E305C24004D60F5 /* PBXContainerItemProxy */ = {
			isa = PBXContainerItemProxy;
			containerPortal = 4F260A571E305C23004D60F5 /* Project object */;
			proxyType = 1;
			remoteGlobalIDString = 4F260A5E1E305C23004D60F5;
			remoteInfo = "仿支付宝对勾动画";
		};
		4F260A841E305C24004D60F5 /* PBXContainerItemProxy */ = {
			isa = PBXContainerItemProxy;
			containerPortal = 4F260A571E305C23004D60F5 /* Project object */;
			proxyType = 1;
			remoteGlobalIDString = 4F260A5E1E305C23004D60F5;
			remoteInfo = "仿支付宝对勾动画";
		};
/* End PBXContainerItemProxy section */

/* Begin PBXFileReference section */
		4F260A5F1E305C23004D60F5 /* 仿支付宝对勾动画.app */ = {isa = PBXFileReference; explicitFileType = wrapper.application; includeInIndex = 0; path = "仿支付宝对勾动画.app"; sourceTree = BUILT_PRODUCTS_DIR; };
		4F260A631E305C23004D60F5 /* main.m */ = {isa = PBXFileReference; lastKnownFileType = sourcecode.c.objc; path = main.m; sourceTree = "<group>"; };
		4F260A651E305C23004D60F5 /* AppDelegate.h */ = {isa = PBXFileReference; lastKnownFileType = sourcecode.c.h; path = AppDelegate.h; sourceTree = "<group>"; };
		4F260A661E305C23004D60F5 /* AppDelegate.m */ = {isa = PBXFileReference; lastKnownFileType = sourcecode.c.objc; path = AppDelegate.m; sourceTree = "<group>"; };
		4F260A681E305C23004D60F5 /* ViewController.h */ = {isa = PBXFileReference; lastKnownFileType = sourcecode.c.h; path = ViewController.h; sourceTree = "<group>"; };
		4F260A691E305C23004D60F5 /* ViewController.m */ = {isa = PBXFileReference; lastKnownFileType = sourcecode.c.objc; path = ViewController.m; sourceTree = "<group>"; };
		4F260A6C1E305C24004D60F5 /* Base */ = {isa = PBXFileReference; lastKnownFileType = file.storyboard; name = Base; path = Base.lproj/Main.storyboard; sourceTree = "<group>"; };
		4F260A6E1E305C24004D60F5 /* Assets.xcassets */ = {isa = PBXFileReference; lastKnownFileType = folder.assetcatalog; path = Assets.xcassets; sourceTree = "<group>"; };
		4F260A711E305C24004D60F5 /* Base */ = {isa = PBXFileReference; lastKnownFileType = file.storyboard; name = Base; path = Base.lproj/LaunchScreen.storyboard; sourceTree = "<group>"; };
		4F260A731E305C24004D60F5 /* Info.plist */ = {isa = PBXFileReference; lastKnownFileType = text.plist.xml; path = Info.plist; sourceTree = "<group>"; };
		4F260A781E305C24004D60F5 /* 仿支付宝对勾动画Tests.xctest */ = {isa = PBXFileReference; explicitFileType = wrapper.cfbundle; includeInIndex = 0; path = "仿支付宝对勾动画Tests.xctest"; sourceTree = BUILT_PRODUCTS_DIR; };
		4F260A7C1E305C24004D60F5 /* ________Tests.m */ = {isa = PBXFileReference; lastKnownFileType = sourcecode.c.objc; path = "________Tests.m"; sourceTree = "<group>"; };
		4F260A7E1E305C24004D60F5 /* Info.plist */ = {isa = PBXFileReference; lastKnownFileType = text.plist.xml; path = Info.plist; sourceTree = "<group>"; };
		4F260A831E305C24004D60F5 /* 仿支付宝对勾动画UITests.xctest */ = {isa = PBXFileReference; explicitFileType = wrapper.cfbundle; includeInIndex = 0; path = "仿支付宝对勾动画UITests.xctest"; sourceTree = BUILT_PRODUCTS_DIR; };
		4F260A871E305C24004D60F5 /* ________UITests.m */ = {isa = PBXFileReference; lastKnownFileType = sourcecode.c.objc; path = "________UITests.m"; sourceTree = "<group>"; };
		4F260A891E305C24004D60F5 /* Info.plist */ = {isa = PBXFileReference; lastKnownFileType = text.plist.xml; path = Info.plist; sourceTree = "<group>"; };
		4F260A951E308114004D60F5 /* SuccessView.h */ = {isa = PBXFileReference; fileEncoding = 4; lastKnownFileType = sourcecode.c.h; path = SuccessView.h; sourceTree = "<group>"; };
		4F260A961E308114004D60F5 /* SuccessView.m */ = {isa = PBXFileReference; fileEncoding = 4; lastKnownFileType = sourcecode.c.objc; path = SuccessView.m; sourceTree = "<group>"; };
/* End PBXFileReference section */

/* Begin PBXFrameworksBuildPhase section */
		4F260A5C1E305C23004D60F5 /* Frameworks */ = {
			isa = PBXFrameworksBuildPhase;
			buildActionMask = 2147483647;
			files = (
			);
			runOnlyForDeploymentPostprocessing = 0;
		};
		4F260A751E305C24004D60F5 /* Frameworks */ = {
			isa = PBXFrameworksBuildPhase;
			buildActionMask = 2147483647;
			files = (
			);
			runOnlyForDeploymentPostprocessing = 0;
		};
		4F260A801E305C24004D60F5 /* Frameworks */ = {
			isa = PBXFrameworksBuildPhase;
			buildActionMask = 2147483647;
			files = (
			);
			runOnlyForDeploymentPostprocessing = 0;
		};
/* End PBXFrameworksBuildPhase section */

/* Begin PBXGroup section */
		4F260A561E305C23004D60F5 = {
			isa = PBXGroup;
			children = (
				4F260A611E305C23004D60F5 /* 仿支付宝对勾动画 */,
				4F260A7B1E305C24004D60F5 /* 仿支付宝对勾动画Tests */,
				4F260A861E305C24004D60F5 /* 仿支付宝对勾动画UITests */,
				4F260A601E305C23004D60F5 /* Products */,
			);
			sourceTree = "<group>";
		};
		4F260A601E305C23004D60F5 /* Products */ = {
			isa = PBXGroup;
			children = (
				4F260A5F1E305C23004D60F5 /* 仿支付宝对勾动画.app */,
				4F260A781E305C24004D60F5 /* 仿支付宝对勾动画Tests.xctest */,
				4F260A831E305C24004D60F5 /* 仿支付宝对勾动画UITests.xctest */,
			);
			name = Products;
			sourceTree = "<group>";
		};
		4F260A611E305C23004D60F5 /* 仿支付宝对勾动画 */ = {
			isa = PBXGroup;
			children = (
				4F260A651E305C23004D60F5 /* AppDelegate.h */,
				4F260A661E305C23004D60F5 /* AppDelegate.m */,
				4F260A681E305C23004D60F5 /* ViewController.h */,
				4F260A691E305C23004D60F5 /* ViewController.m */,
				4F260A951E308114004D60F5 /* SuccessView.h */,
				4F260A961E308114004D60F5 /* SuccessView.m */,
				4F260A6B1E305C24004D60F5 /* Main.storyboard */,
				4F260A6E1E305C24004D60F5 /* Assets.xcassets */,
				4F260A701E305C24004D60F5 /* LaunchScreen.storyboard */,
				4F260A731E305C24004D60F5 /* Info.plist */,
				4F260A621E305C23004D60F5 /* Supporting Files */,
			);
			path = "仿支付宝对勾动画";
			sourceTree = "<group>";
		};
		4F260A621E305C23004D60F5 /* Supporting Files */ = {
			isa = PBXGroup;
			children = (
				4F260A631E305C23004D60F5 /* main.m */,
			);
			name = "Supporting Files";
			sourceTree = "<group>";
		};
		4F260A7B1E305C24004D60F5 /* 仿支付宝对勾动画Tests */ = {
			isa = PBXGroup;
			children = (
				4F260A7C1E305C24004D60F5 /* ________Tests.m */,
				4F260A7E1E305C24004D60F5 /* Info.plist */,
			);
			path = "仿支付宝对勾动画Tests";
			sourceTree = "<group>";
		};
		4F260A861E305C24004D60F5 /* 仿支付宝对勾动画UITests */ = {
			isa = PBXGroup;
			children = (
				4F260A871E305C24004D60F5 /* ________UITests.m */,
				4F260A891E305C24004D60F5 /* Info.plist */,
			);
			path = "仿支付宝对勾动画UITests";
			sourceTree = "<group>";
		};
/* End PBXGroup section */

/* Begin PBXNativeTarget section */
		4F260A5E1E305C23004D60F5 /* 仿支付宝对勾动画 */ = {
			isa = PBXNativeTarget;
			buildConfigurationList = 4F260A8C1E305C24004D60F5 /* Build configuration list for PBXNativeTarget "仿支付宝对勾动画" */;
			buildPhases = (
				4F260A5B1E305C23004D60F5 /* Sources */,
				4F260A5C1E305C23004D60F5 /* Frameworks */,
				4F260A5D1E305C23004D60F5 /* Resources */,
			);
			buildRules = (
			);
			dependencies = (
			);
			name = "仿支付宝对勾动画";
			productName = "仿支付宝对勾动画";
			productReference = 4F260A5F1E305C23004D60F5 /* 仿支付宝对勾动画.app */;
			productType = "com.apple.product-type.application";
		};
		4F260A771E305C24004D60F5 /* 仿支付宝对勾动画Tests */ = {
			isa = PBXNativeTarget;
			buildConfigurationList = 4F260A8F1E305C24004D60F5 /* Build configuration list for PBXNativeTarget "仿支付宝对勾动画Tests" */;
			buildPhases = (
				4F260A741E305C24004D60F5 /* Sources */,
				4F260A751E305C24004D60F5 /* Frameworks */,
				4F260A761E305C24004D60F5 /* Resources */,
			);
			buildRules = (
			);
			dependencies = (
				4F260A7A1E305C24004D60F5 /* PBXTargetDependency */,
			);
			name = "仿支付宝对勾动画Tests";
			productName = "仿支付宝对勾动画Tests";
			productReference = 4F260A781E305C24004D60F5 /* 仿支付宝对勾动画Tests.xctest */;
			productType = "com.apple.product-type.bundle.unit-test";
		};
		4F260A821E305C24004D60F5 /* 仿支付宝对勾动画UITests */ = {
			isa = PBXNativeTarget;
			buildConfigurationList = 4F260A921E305C24004D60F5 /* Build configuration list for PBXNativeTarget "仿支付宝对勾动画UITests" */;
			buildPhases = (
				4F260A7F1E305C24004D60F5 /* Sources */,
				4F260A801E305C24004D60F5 /* Frameworks */,
				4F260A811E305C24004D60F5 /* Resources */,
			);
			buildRules = (
			);
			dependencies = (
				4F260A851E305C24004D60F5 /* PBXTargetDependency */,
			);
			name = "仿支付宝对勾动画UITests";
			productName = "仿支付宝对勾动画UITests";
			productReference = 4F260A831E305C24004D60F5 /* 仿支付宝对勾动画UITests.xctest */;
			productType = "com.apple.product-type.bundle.ui-testing";
		};
/* End PBXNativeTarget section */

/* Begin PBXProject section */
		4F260A571E305C23004D60F5 /* Project object */ = {
			isa = PBXProject;
			attributes = {
				LastUpgradeCheck = 0820;
				ORGANIZATIONNAME = "陈威利";
				TargetAttributes = {
					4F260A5E1E305C23004D60F5 = {
						CreatedOnToolsVersion = 8.2.1;
						DevelopmentTeam = J995UNL2CV;
						ProvisioningStyle = Automatic;
					};
					4F260A771E305C24004D60F5 = {
						CreatedOnToolsVersion = 8.2.1;
						DevelopmentTeam = J995UNL2CV;
						ProvisioningStyle = Automatic;
						TestTargetID = 4F260A5E1E305C23004D60F5;
					};
					4F260A821E305C24004D60F5 = {
						CreatedOnToolsVersion = 8.2.1;
						DevelopmentTeam = J995UNL2CV;
						ProvisioningStyle = Automatic;
						TestTargetID = 4F260A5E1E305C23004D60F5;
					};
				};
			};
			buildConfigurationList = 4F260A5A1E305C23004D60F5 /* Build configuration list for PBXProject "仿支付宝对勾动画" */;
			compatibilityVersion = "Xcode 3.2";
			developmentRegion = English;
			hasScannedForEncodings = 0;
			knownRegions = (
				en,
				Base,
			);
			mainGroup = 4F260A561E305C23004D60F5;
			productRefGroup = 4F260A601E305C23004D60F5 /* Products */;
			projectDirPath = "";
			projectRoot = "";
			targets = (
				4F260A5E1E305C23004D60F5 /* 仿支付宝对勾动画 */,
				4F260A771E305C24004D60F5 /* 仿支付宝对勾动画Tests */,
				4F260A821E305C24004D60F5 /* 仿支付宝对勾动画UITests */,
			);
		};
/* End PBXProject section */

/* Begin PBXResourcesBuildPhase section */
		4F260A5D1E305C23004D60F5 /* Resources */ = {
			isa = PBXResourcesBuildPhase;
			buildActionMask = 2147483647;
			files = (
				4F260A721E305C24004D60F5 /* LaunchScreen.storyboard in Resources */,
				4F260A6F1E305C24004D60F5 /* Assets.xcassets in Resources */,
				4F260A6D1E305C24004D60F5 /* Main.storyboard in Resources */,
			);
			runOnlyForDeploymentPostprocessing = 0;
		};
		4F260A761E305C24004D60F5 /* Resources */ = {
			isa = PBXResourcesBuildPhase;
			buildActionMask = 2147483647;
			files = (
			);
			runOnlyForDeploymentPostprocessing = 0;
		};
		4F260A811E305C24004D60F5 /* Resources */ = {
			isa = PBXResourcesBuildPhase;
			buildActionMask = 2147483647;
			files = (
			);
			runOnlyForDeploymentPostprocessing = 0;
		};
/* End PBXResourcesBuildPhase section */

/* Begin PBXSourcesBuildPhase section */
		4F260A5B1E305C23004D60F5 /* Sources */ = {
			isa = PBXSourcesBuildPhase;
			buildActionMask = 2147483647;
			files = (
				4F260A971E308114004D60F5 /* SuccessView.m in Sources */,
				4F260A6A1E305C24004D60F5 /* ViewController.m in Sources */,
				4F260A671E305C23004D60F5 /* AppDelegate.m in Sources */,
				4F260A641E305C23004D60F5 /* main.m in Sources */,
			);
			runOnlyForDeploymentPostprocessing = 0;
		};
		4F260A741E305C24004D60F5 /* Sources */ = {
			isa = PBXSourcesBuildPhase;
			buildActionMask = 2147483647;
			files = (
				4F260A7D1E305C24004D60F5 /* ________Tests.m in Sources */,
			);
			runOnlyForDeploymentPostprocessing = 0;
		};
		4F260A7F1E305C24004D60F5 /* Sources */ = {
			isa = PBXSourcesBuildPhase;
			buildActionMask = 2147483647;
			files = (
				4F260A881E305C24004D60F5 /* ________UITests.m in Sources */,
			);
			runOnlyForDeploymentPostprocessing = 0;
		};
/* End PBXSourcesBuildPhase section */

/* Begin PBXTargetDependency section */
		4F260A7A1E305C24004D60F5 /* PBXTargetDependency */ = {
			isa = PBXTargetDependency;
			target = 4F260A5E1E305C23004D60F5 /* 仿支付宝对勾动画 */;
			targetProxy = 4F260A791E305C24004D60F5 /* PBXContainerItemProxy */;
		};
		4F260A851E305C24004D60F5 /* PBXTargetDependency */ = {
			isa = PBXTargetDependency;
			target = 4F260A5E1E305C23004D60F5 /* 仿支付宝对勾动画 */;
			targetProxy = 4F260A841E305C24004D60F5 /* PBXContainerItemProxy */;
		};
/* End PBXTargetDependency section */

/* Begin PBXVariantGroup section */
		4F260A6B1E305C24004D60F5 /* Main.storyboard */ = {
			isa = PBXVariantGroup;
			children = (
				4F260A6C1E305C24004D60F5 /* Base */,
			);
			name = Main.storyboard;
			sourceTree = "<group>";
		};
		4F260A701E305C24004D60F5 /* LaunchScreen.storyboard */ = {
			isa = PBXVariantGroup;
			children = (
				4F260A711E305C24004D60F5 /* Base */,
			);
			name = LaunchScreen.storyboard;
			sourceTree = "<group>";
		};
/* End PBXVariantGroup section */

/* Begin XCBuildConfiguration section */
		4F260A8A1E305C24004D60F5 /* Debug */ = {
			isa = XCBuildConfiguration;
			buildSettings = {
				ALWAYS_SEARCH_USER_PATHS = NO;
				CLANG_ANALYZER_NONNULL = YES;
				CLANG_CXX_LANGUAGE_STANDARD = "gnu++0x";
				CLANG_CXX_LIBRARY = "libc++";
				CLANG_ENABLE_MODULES = YES;
				CLANG_ENABLE_OBJC_ARC = YES;
				CLANG_WARN_BOOL_CONVERSION = YES;
				CLANG_WARN_CONSTANT_CONVERSION = YES;
				CLANG_WARN_DIRECT_OBJC_ISA_USAGE = YES_ERROR;
				CLANG_WARN_DOCUMENTATION_COMMENTS = YES;
				CLANG_WARN_EMPTY_BODY = YES;
				CLANG_WARN_ENUM_CONVERSION = YES;
				CLANG_WARN_INFINITE_RECURSION = YES;
				CLANG_WARN_INT_CONVERSION = YES;
				CLANG_WARN_OBJC_ROOT_CLASS = YES_ERROR;
				CLANG_WARN_SUSPICIOUS_MOVE = YES;
				CLANG_WARN_UNREACHABLE_CODE = YES;
				CLANG_WARN__DUPLICATE_METHOD_MATCH = YES;
				"CODE_SIGN_IDENTITY[sdk=iphoneos*]" = "iPhone Developer";
				COPY_PHASE_STRIP = NO;
				DEBUG_INFORMATION_FORMAT = dwarf;
				ENABLE_STRICT_OBJC_MSGSEND = YES;
				ENABLE_TESTABILITY = YES;
				GCC_C_LANGUAGE_STANDARD = gnu99;
				GCC_DYNAMIC_NO_PIC = NO;
				GCC_NO_COMMON_BLOCKS = YES;
				GCC_OPTIMIZATION_LEVEL = 0;
				GCC_PREPROCESSOR_DEFINITIONS = (
					"DEBUG=1",
					"$(inherited)",
				);
				GCC_WARN_64_TO_32_BIT_CONVERSION = YES;
				GCC_WARN_ABOUT_RETURN_TYPE = YES_ERROR;
				GCC_WARN_UNDECLARED_SELECTOR = YES;
				GCC_WARN_UNINITIALIZED_AUTOS = YES_AGGRESSIVE;
				GCC_WARN_UNUSED_FUNCTION = YES;
				GCC_WARN_UNUSED_VARIABLE = YES;
				IPHONEOS_DEPLOYMENT_TARGET = 10.2;
				MTL_ENABLE_DEBUG_INFO = YES;
				ONLY_ACTIVE_ARCH = YES;
				SDKROOT = iphoneos;
			};
			name = Debug;
		};
		4F260A8B1E305C24004D60F5 /* Release */ = {
			isa = XCBuildConfiguration;
			buildSettings = {
				ALWAYS_SEARCH_USER_PATHS = NO;
				CLANG_ANALYZER_NONNULL = YES;
				CLANG_CXX_LANGUAGE_STANDARD = "gnu++0x";
				CLANG_CXX_LIBRARY = "libc++";
				CLANG_ENABLE_MODULES = YES;
				CLANG_ENABLE_OBJC_ARC = YES;
				CLANG_WARN_BOOL_CONVERSION = YES;
				CLANG_WARN_CONSTANT_CONVERSION = YES;
				CLANG_WARN_DIRECT_OBJC_ISA_USAGE = YES_ERROR;
				CLANG_WARN_DOCUMENTATION_COMMENTS = YES;
				CLANG_WARN_EMPTY_BODY = YES;
				CLANG_WARN_ENUM_CONVERSION = YES;
				CLANG_WARN_INFINITE_RECURSION = YES;
				CLANG_WARN_INT_CONVERSION = YES;
				CLANG_WARN_OBJC_ROOT_CLASS = YES_ERROR;
				CLANG_WARN_SUSPICIOUS_MOVE = YES;
				CLANG_WARN_UNREACHABLE_CODE = YES;
				CLANG_WARN__DUPLICATE_METHOD_MATCH = YES;
				"CODE_SIGN_IDENTITY[sdk=iphoneos*]" = "iPhone Developer";
				COPY_PHASE_STRIP = NO;
				DEBUG_INFORMATION_FORMAT = "dwarf-with-dsym";
				ENABLE_NS_ASSERTIONS = NO;
				ENABLE_STRICT_OBJC_MSGSEND = YES;
				GCC_C_LANGUAGE_STANDARD = gnu99;
				GCC_NO_COMMON_BLOCKS = YES;
				GCC_WARN_64_TO_32_BIT_CONVERSION = YES;
				GCC_WARN_ABOUT_RETURN_TYPE = YES_ERROR;
				GCC_WARN_UNDECLARED_SELECTOR = YES;
				GCC_WARN_UNINITIALIZED_AUTOS = YES_AGGRESSIVE;
				GCC_WARN_UNUSED_FUNCTION = YES;
				GCC_WARN_UNUSED_VARIABLE = YES;
				IPHONEOS_DEPLOYMENT_TARGET = 10.2;
				MTL_ENABLE_DEBUG_INFO = NO;
				SDKROOT = iphoneos;
				VALIDATE_PRODUCT = YES;
			};
			name = Release;
		};
		4F260A8D1E305C24004D60F5 /* Debug */ = {
			isa = XCBuildConfiguration;
			buildSettings = {
				ASSETCATALOG_COMPILER_APPICON_NAME = AppIcon;
				DEVELOPMENT_TEAM = J995UNL2CV;
				INFOPLIST_FILE = "仿支付宝对勾动画/Info.plist";
				LD_RUNPATH_SEARCH_PATHS = "$(inherited) @executable_path/Frameworks";
				PRODUCT_BUNDLE_IDENTIFIER = "drogonsoftbravo.com.--------";
				PRODUCT_NAME = "$(TARGET_NAME)";
			};
			name = Debug;
		};
		4F260A8E1E305C24004D60F5 /* Release */ = {
			isa = XCBuildConfiguration;
			buildSettings = {
				ASSETCATALOG_COMPILER_APPICON_NAME = AppIcon;
				DEVELOPMENT_TEAM = J995UNL2CV;
				INFOPLIST_FILE = "仿支付宝对勾动画/Info.plist";
				LD_RUNPATH_SEARCH_PATHS = "$(inherited) @executable_path/Frameworks";
				PRODUCT_BUNDLE_IDENTIFIER = "drogonsoftbravo.com.--------";
				PRODUCT_NAME = "$(TARGET_NAME)";
			};
			name = Release;
		};
		4F260A901E305C24004D60F5 /* Debug */ = {
			isa = XCBuildConfiguration;
			buildSettings = {
				BUNDLE_LOADER = "$(TEST_HOST)";
				DEVELOPMENT_TEAM = J995UNL2CV;
				INFOPLIST_FILE = "仿支付宝对勾动画Tests/Info.plist";
				LD_RUNPATH_SEARCH_PATHS = "$(inherited) @executable_path/Frameworks @loader_path/Frameworks";
				PRODUCT_BUNDLE_IDENTIFIER = "drogonsoftbravo.com.--------Tests";
				PRODUCT_NAME = "$(TARGET_NAME)";
				TEST_HOST = "$(BUILT_PRODUCTS_DIR)/仿支付宝对勾动画.app/仿支付宝对勾动画";
			};
			name = Debug;
		};
		4F260A911E305C24004D60F5 /* Release */ = {
			isa = XCBuildConfiguration;
			buildSettings = {
				BUNDLE_LOADER = "$(TEST_HOST)";
				DEVELOPMENT_TEAM = J995UNL2CV;
				INFOPLIST_FILE = "仿支付宝对勾动画Tests/Info.plist";
				LD_RUNPATH_SEARCH_PATHS = "$(inherited) @executable_path/Frameworks @loader_path/Frameworks";
				PRODUCT_BUNDLE_IDENTIFIER = "drogonsoftbravo.com.--------Tests";
				PRODUCT_NAME = "$(TARGET_NAME)";
				TEST_HOST = "$(BUILT_PRODUCTS_DIR)/仿支付宝对勾动画.app/仿支付宝对勾动画";
			};
			name = Release;
		};
		4F260A931E305C24004D60F5 /* Debug */ = {
			isa = XCBuildConfiguration;
			buildSettings = {
				DEVELOPMENT_TEAM = J995UNL2CV;
				INFOPLIST_FILE = "仿支付宝对勾动画UITests/Info.plist";
				LD_RUNPATH_SEARCH_PATHS = "$(inherited) @executable_path/Frameworks @loader_path/Frameworks";
				PRODUCT_BUNDLE_IDENTIFIER = "drogonsoftbravo.com.--------UITests";
				PRODUCT_NAME = "$(TARGET_NAME)";
				TEST_TARGET_NAME = "仿支付宝对勾动画";
			};
			name = Debug;
		};
		4F260A941E305C24004D60F5 /* Release */ = {
			isa = XCBuildConfiguration;
			buildSettings = {
				DEVELOPMENT_TEAM = J995UNL2CV;
				INFOPLIST_FILE = "仿支付宝对勾动画UITests/Info.plist";
				LD_RUNPATH_SEARCH_PATHS = "$(inherited) @executable_path/Frameworks @loader_path/Frameworks";
				PRODUCT_BUNDLE_IDENTIFIER = "drogonsoftbravo.com.--------UITests";
				PRODUCT_NAME = "$(TARGET_NAME)";
				TEST_TARGET_NAME = "仿支付宝对勾动画";
			};
			name = Release;
		};
/* End XCBuildConfiguration section */

/* Begin XCConfigurationList section */
		4F260A5A1E305C23004D60F5 /* Build configuration list for PBXProject "仿支付宝对勾动画" */ = {
			isa = XCConfigurationList;
			buildConfigurations = (
				4F260A8A1E305C24004D60F5 /* Debug */,
				4F260A8B1E305C24004D60F5 /* Release */,
			);
			defaultConfigurationIsVisible = 0;
			defaultConfigurationName = Release;
		};
		4F260A8C1E305C24004D60F5 /* Build configuration list for PBXNativeTarget "仿支付宝对勾动画" */ = {
			isa = XCConfigurationList;
			buildConfigurations = (
				4F260A8D1E305C24004D60F5 /* Debug */,
				4F260A8E1E305C24004D60F5 /* Release */,
			);
			defaultConfigurationIsVisible = 0;
		};
		4F260A8F1E305C24004D60F5 /* Build configuration list for PBXNativeTarget "仿支付宝对勾动画Tests" */ = {
			isa = XCConfigurationList;
			buildConfigurations = (
				4F260A901E305C24004D60F5 /* Debug */,
				4F260A911E305C24004D60F5 /* Release */,
			);
			defaultConfigurationIsVisible = 0;
		};
		4F260A921E305C24004D60F5 /* Build configuration list for PBXNativeTarget "仿支付宝对勾动画UITests" */ = {
			isa = XCConfigurationList;
			buildConfigurations = (
				4F260A931E305C24004D60F5 /* Debug */,
				4F260A941E305C24004D60F5 /* Release */,
			);
			defaultConfigurationIsVisible = 0;
		};
/* End XCConfigurationList section */
	};
	rootObject = 4F260A571E305C23004D60F5 /* Project object */;
}
